// !$*UTF8*$!
{
	archiveVersion = 1;
	classes = {
	};
	objectVersion = 50;
	objects = {

/* Begin PBXBuildFile section */
		572D7696FB4306A792B0654B /* Pods_PagMoviesTests.framework in Frameworks */ = {isa = PBXBuildFile; fileRef = B11D596640EBEC0E9538387A /* Pods_PagMoviesTests.framework */; };
		586E14B1235800CA0056C771 /* Genres.swift in Sources */ = {isa = PBXBuildFile; fileRef = 586E14B0235800CA0056C771 /* Genres.swift */; };
		586E14B2235800CA0056C771 /* Genres.swift in Sources */ = {isa = PBXBuildFile; fileRef = 586E14B0235800CA0056C771 /* Genres.swift */; };
		586E14B423589D4A0056C771 /* FavoritesViewController.swift in Sources */ = {isa = PBXBuildFile; fileRef = 586E14B323589D4A0056C771 /* FavoritesViewController.swift */; };
		586E14B523589D4A0056C771 /* FavoritesViewController.swift in Sources */ = {isa = PBXBuildFile; fileRef = 586E14B323589D4A0056C771 /* FavoritesViewController.swift */; };
		589105AD2356496900F13419 /* AppDelegate.swift in Sources */ = {isa = PBXBuildFile; fileRef = 589105AC2356496900F13419 /* AppDelegate.swift */; };
		589105AF2356496900F13419 /* SceneDelegate.swift in Sources */ = {isa = PBXBuildFile; fileRef = 589105AE2356496900F13419 /* SceneDelegate.swift */; };
		589105B42356496900F13419 /* Main.storyboard in Resources */ = {isa = PBXBuildFile; fileRef = 589105B22356496900F13419 /* Main.storyboard */; };
		589105B62356496C00F13419 /* Assets.xcassets in Resources */ = {isa = PBXBuildFile; fileRef = 589105B52356496C00F13419 /* Assets.xcassets */; };
		589105B92356496C00F13419 /* LaunchScreen.storyboard in Resources */ = {isa = PBXBuildFile; fileRef = 589105B72356496C00F13419 /* LaunchScreen.storyboard */; };
		589105C42356496C00F13419 /* PagMoviesTests.swift in Sources */ = {isa = PBXBuildFile; fileRef = 589105C32356496C00F13419 /* PagMoviesTests.swift */; };
		589105D62356D97300F13419 /* MovieTableViewCell.swift in Sources */ = {isa = PBXBuildFile; fileRef = 589105D42356D97300F13419 /* MovieTableViewCell.swift */; };
		589105D72356D97300F13419 /* MovieTableViewCell.xib in Resources */ = {isa = PBXBuildFile; fileRef = 589105D52356D97300F13419 /* MovieTableViewCell.xib */; };
		589105D92356DD9800F13419 /* MoviesViewController.swift in Sources */ = {isa = PBXBuildFile; fileRef = 589105D82356DD9800F13419 /* MoviesViewController.swift */; };
		589105DA2356DD9D00F13419 /* MoviesViewController.swift in Sources */ = {isa = PBXBuildFile; fileRef = 589105D82356DD9800F13419 /* MoviesViewController.swift */; };
		589105DC2356DDC800F13419 /* DetailsMovieViewController.swift in Sources */ = {isa = PBXBuildFile; fileRef = 589105DB2356DDC800F13419 /* DetailsMovieViewController.swift */; };
		589105DD2356DDC800F13419 /* DetailsMovieViewController.swift in Sources */ = {isa = PBXBuildFile; fileRef = 589105DB2356DDC800F13419 /* DetailsMovieViewController.swift */; };
		589105E12356DF2500F13419 /* Result.swift in Sources */ = {isa = PBXBuildFile; fileRef = 589105E02356DF2500F13419 /* Result.swift */; };
		589105E22356DF2500F13419 /* Result.swift in Sources */ = {isa = PBXBuildFile; fileRef = 589105E02356DF2500F13419 /* Result.swift */; };
		589105E92356DFC700F13419 /* API.swift in Sources */ = {isa = PBXBuildFile; fileRef = 589105E82356DFC700F13419 /* API.swift */; };
		589105EA2356DFC700F13419 /* API.swift in Sources */ = {isa = PBXBuildFile; fileRef = 589105E82356DFC700F13419 /* API.swift */; };
		589105EC2356E30F00F13419 /* Endpoints.swift in Sources */ = {isa = PBXBuildFile; fileRef = 589105EB2356E30F00F13419 /* Endpoints.swift */; };
		589105ED2356E30F00F13419 /* Endpoints.swift in Sources */ = {isa = PBXBuildFile; fileRef = 589105EB2356E30F00F13419 /* Endpoints.swift */; };
		594A2D7A973973879873121D /* Pods_PagMovies.framework in Frameworks */ = {isa = PBXBuildFile; fileRef = 8F4B4A1BD7EA4AFABA447788 /* Pods_PagMovies.framework */; };
/* End PBXBuildFile section */

/* Begin PBXContainerItemProxy section */
		589105C02356496C00F13419 /* PBXContainerItemProxy */ = {
			isa = PBXContainerItemProxy;
			containerPortal = 589105A12356496900F13419 /* Project object */;
			proxyType = 1;
			remoteGlobalIDString = 589105A82356496900F13419;
			remoteInfo = PagMovies;
		};
/* End PBXContainerItemProxy section */

/* Begin PBXFileReference section */
		28F2E004764A72742CD9E6AC /* Pods-PagMoviesTests.release.xcconfig */ = {isa = PBXFileReference; includeInIndex = 1; lastKnownFileType = text.xcconfig; name = "Pods-PagMoviesTests.release.xcconfig"; path = "Pods/Target Support Files/Pods-PagMoviesTests/Pods-PagMoviesTests.release.xcconfig"; sourceTree = "<group>"; };
		586E14B0235800CA0056C771 /* Genres.swift */ = {isa = PBXFileReference; lastKnownFileType = sourcecode.swift; path = Genres.swift; sourceTree = "<group>"; };
		586E14B323589D4A0056C771 /* FavoritesViewController.swift */ = {isa = PBXFileReference; lastKnownFileType = sourcecode.swift; path = FavoritesViewController.swift; sourceTree = "<group>"; };
		589105A92356496900F13419 /* PagMovies.app */ = {isa = PBXFileReference; explicitFileType = wrapper.application; includeInIndex = 0; path = PagMovies.app; sourceTree = BUILT_PRODUCTS_DIR; };
		589105AC2356496900F13419 /* AppDelegate.swift */ = {isa = PBXFileReference; lastKnownFileType = sourcecode.swift; path = AppDelegate.swift; sourceTree = "<group>"; };
		589105AE2356496900F13419 /* SceneDelegate.swift */ = {isa = PBXFileReference; lastKnownFileType = sourcecode.swift; path = SceneDelegate.swift; sourceTree = "<group>"; };
		589105B32356496900F13419 /* Base */ = {isa = PBXFileReference; lastKnownFileType = file.storyboard; name = Base; path = Base.lproj/Main.storyboard; sourceTree = "<group>"; };
		589105B52356496C00F13419 /* Assets.xcassets */ = {isa = PBXFileReference; lastKnownFileType = folder.assetcatalog; path = Assets.xcassets; sourceTree = "<group>"; };
		589105B82356496C00F13419 /* Base */ = {isa = PBXFileReference; lastKnownFileType = file.storyboard; name = Base; path = Base.lproj/LaunchScreen.storyboard; sourceTree = "<group>"; };
		589105BA2356496C00F13419 /* Info.plist */ = {isa = PBXFileReference; lastKnownFileType = text.plist.xml; path = Info.plist; sourceTree = "<group>"; };
		589105BF2356496C00F13419 /* PagMoviesTests.xctest */ = {isa = PBXFileReference; explicitFileType = wrapper.cfbundle; includeInIndex = 0; path = PagMoviesTests.xctest; sourceTree = BUILT_PRODUCTS_DIR; };
		589105C32356496C00F13419 /* PagMoviesTests.swift */ = {isa = PBXFileReference; lastKnownFileType = sourcecode.swift; path = PagMoviesTests.swift; sourceTree = "<group>"; };
		589105C52356496C00F13419 /* Info.plist */ = {isa = PBXFileReference; lastKnownFileType = text.plist.xml; path = Info.plist; sourceTree = "<group>"; };
		589105D42356D97300F13419 /* MovieTableViewCell.swift */ = {isa = PBXFileReference; lastKnownFileType = sourcecode.swift; path = MovieTableViewCell.swift; sourceTree = "<group>"; };
		589105D52356D97300F13419 /* MovieTableViewCell.xib */ = {isa = PBXFileReference; lastKnownFileType = file.xib; path = MovieTableViewCell.xib; sourceTree = "<group>"; };
		589105D82356DD9800F13419 /* MoviesViewController.swift */ = {isa = PBXFileReference; lastKnownFileType = sourcecode.swift; path = MoviesViewController.swift; sourceTree = "<group>"; };
		589105DB2356DDC800F13419 /* DetailsMovieViewController.swift */ = {isa = PBXFileReference; lastKnownFileType = sourcecode.swift; path = DetailsMovieViewController.swift; sourceTree = "<group>"; };
		589105E02356DF2500F13419 /* Result.swift */ = {isa = PBXFileReference; lastKnownFileType = sourcecode.swift; path = Result.swift; sourceTree = "<group>"; };
		589105E82356DFC700F13419 /* API.swift */ = {isa = PBXFileReference; lastKnownFileType = sourcecode.swift; path = API.swift; sourceTree = "<group>"; };
		589105EB2356E30F00F13419 /* Endpoints.swift */ = {isa = PBXFileReference; lastKnownFileType = sourcecode.swift; path = Endpoints.swift; sourceTree = "<group>"; };
		8115D8EDBD77BCDCB2B0B6CD /* Pods-PagMoviesTests.debug.xcconfig */ = {isa = PBXFileReference; includeInIndex = 1; lastKnownFileType = text.xcconfig; name = "Pods-PagMoviesTests.debug.xcconfig"; path = "Pods/Target Support Files/Pods-PagMoviesTests/Pods-PagMoviesTests.debug.xcconfig"; sourceTree = "<group>"; };
		8F4B4A1BD7EA4AFABA447788 /* Pods_PagMovies.framework */ = {isa = PBXFileReference; explicitFileType = wrapper.framework; includeInIndex = 0; path = Pods_PagMovies.framework; sourceTree = BUILT_PRODUCTS_DIR; };
		9393A38B534D24B422862D60 /* Pods-PagMovies.release.xcconfig */ = {isa = PBXFileReference; includeInIndex = 1; lastKnownFileType = text.xcconfig; name = "Pods-PagMovies.release.xcconfig"; path = "Pods/Target Support Files/Pods-PagMovies/Pods-PagMovies.release.xcconfig"; sourceTree = "<group>"; };
		A1ABA44C2E77ECCF7231BCAC /* Pods-PagMovies.debug.xcconfig */ = {isa = PBXFileReference; includeInIndex = 1; lastKnownFileType = text.xcconfig; name = "Pods-PagMovies.debug.xcconfig"; path = "Pods/Target Support Files/Pods-PagMovies/Pods-PagMovies.debug.xcconfig"; sourceTree = "<group>"; };
		B11D596640EBEC0E9538387A /* Pods_PagMoviesTests.framework */ = {isa = PBXFileReference; explicitFileType = wrapper.framework; includeInIndex = 0; path = Pods_PagMoviesTests.framework; sourceTree = BUILT_PRODUCTS_DIR; };
/* End PBXFileReference section */

/* Begin PBXFrameworksBuildPhase section */
		589105A62356496900F13419 /* Frameworks */ = {
			isa = PBXFrameworksBuildPhase;
			buildActionMask = 2147483647;
			files = (
				594A2D7A973973879873121D /* Pods_PagMovies.framework in Frameworks */,
			);
			runOnlyForDeploymentPostprocessing = 0;
		};
		589105BC2356496C00F13419 /* Frameworks */ = {
			isa = PBXFrameworksBuildPhase;
			buildActionMask = 2147483647;
			files = (
				572D7696FB4306A792B0654B /* Pods_PagMoviesTests.framework in Frameworks */,
			);
			runOnlyForDeploymentPostprocessing = 0;
		};
/* End PBXFrameworksBuildPhase section */

/* Begin PBXGroup section */
		33BCCA9E7E49602BA2BA04F0 /* Pods */ = {
			isa = PBXGroup;
			children = (
				A1ABA44C2E77ECCF7231BCAC /* Pods-PagMovies.debug.xcconfig */,
				9393A38B534D24B422862D60 /* Pods-PagMovies.release.xcconfig */,
				8115D8EDBD77BCDCB2B0B6CD /* Pods-PagMoviesTests.debug.xcconfig */,
				28F2E004764A72742CD9E6AC /* Pods-PagMoviesTests.release.xcconfig */,
			);
			name = Pods;
			sourceTree = "<group>";
		};
		589105A02356496900F13419 = {
			isa = PBXGroup;
			children = (
				589105AB2356496900F13419 /* PagMovies */,
				589105C22356496C00F13419 /* PagMoviesTests */,
				589105AA2356496900F13419 /* Products */,
				33BCCA9E7E49602BA2BA04F0 /* Pods */,
				743D63E3129BE4223A53FD66 /* Frameworks */,
			);
			sourceTree = "<group>";
		};
		589105AA2356496900F13419 /* Products */ = {
			isa = PBXGroup;
			children = (
				589105A92356496900F13419 /* PagMovies.app */,
				589105BF2356496C00F13419 /* PagMoviesTests.xctest */,
			);
			name = Products;
			sourceTree = "<group>";
		};
		589105AB2356496900F13419 /* PagMovies */ = {
			isa = PBXGroup;
			children = (
				589105AC2356496900F13419 /* AppDelegate.swift */,
				589105AE2356496900F13419 /* SceneDelegate.swift */,
				589105E62356DF3900F13419 /* Model */,
				589105DE2356DED300F13419 /* View */,
				589105DF2356DEF700F13419 /* Controller */,
				589105E72356DF4100F13419 /* Service */,
				589105B52356496C00F13419 /* Assets.xcassets */,
				589105BA2356496C00F13419 /* Info.plist */,
			);
			path = PagMovies;
			sourceTree = "<group>";
		};
		589105C22356496C00F13419 /* PagMoviesTests */ = {
			isa = PBXGroup;
			children = (
				589105C32356496C00F13419 /* PagMoviesTests.swift */,
				589105C52356496C00F13419 /* Info.plist */,
			);
			path = PagMoviesTests;
			sourceTree = "<group>";
		};
		589105DE2356DED300F13419 /* View */ = {
			isa = PBXGroup;
			children = (
				589105B22356496900F13419 /* Main.storyboard */,
				589105B72356496C00F13419 /* LaunchScreen.storyboard */,
				589105D52356D97300F13419 /* MovieTableViewCell.xib */,
			);
			path = View;
			sourceTree = "<group>";
		};
		589105DF2356DEF700F13419 /* Controller */ = {
			isa = PBXGroup;
			children = (
				589105D42356D97300F13419 /* MovieTableViewCell.swift */,
				589105D82356DD9800F13419 /* MoviesViewController.swift */,
				589105DB2356DDC800F13419 /* DetailsMovieViewController.swift */,
				586E14B323589D4A0056C771 /* FavoritesViewController.swift */,
			);
			path = Controller;
			sourceTree = "<group>";
		};
		589105E62356DF3900F13419 /* Model */ = {
			isa = PBXGroup;
			children = (
				589105E02356DF2500F13419 /* Result.swift */,
				586E14B0235800CA0056C771 /* Genres.swift */,
			);
			path = Model;
			sourceTree = "<group>";
		};
		589105E72356DF4100F13419 /* Service */ = {
			isa = PBXGroup;
			children = (
				589105E82356DFC700F13419 /* API.swift */,
				589105EB2356E30F00F13419 /* Endpoints.swift */,
			);
			path = Service;
			sourceTree = "<group>";
		};
		743D63E3129BE4223A53FD66 /* Frameworks */ = {
			isa = PBXGroup;
			children = (
				8F4B4A1BD7EA4AFABA447788 /* Pods_PagMovies.framework */,
				B11D596640EBEC0E9538387A /* Pods_PagMoviesTests.framework */,
			);
			name = Frameworks;
			sourceTree = "<group>";
		};
/* End PBXGroup section */

/* Begin PBXNativeTarget section */
		589105A82356496900F13419 /* PagMovies */ = {
			isa = PBXNativeTarget;
			buildConfigurationList = 589105C82356496C00F13419 /* Build configuration list for PBXNativeTarget "PagMovies" */;
			buildPhases = (
				A9D8F3AAD2BA1AC25BAA78CC /* [CP] Check Pods Manifest.lock */,
				589105A52356496900F13419 /* Sources */,
				589105A62356496900F13419 /* Frameworks */,
				589105A72356496900F13419 /* Resources */,
				661A661DB0311ABA847D1E77 /* [CP] Embed Pods Frameworks */,
			);
			buildRules = (
			);
			dependencies = (
			);
			name = PagMovies;
			productName = PagMovies;
			productReference = 589105A92356496900F13419 /* PagMovies.app */;
			productType = "com.apple.product-type.application";
		};
		589105BE2356496C00F13419 /* PagMoviesTests */ = {
			isa = PBXNativeTarget;
			buildConfigurationList = 589105CB2356496C00F13419 /* Build configuration list for PBXNativeTarget "PagMoviesTests" */;
			buildPhases = (
				3EC0B83BC63C43B8687E6D77 /* [CP] Check Pods Manifest.lock */,
				589105BB2356496C00F13419 /* Sources */,
				589105BC2356496C00F13419 /* Frameworks */,
				589105BD2356496C00F13419 /* Resources */,
			);
			buildRules = (
			);
			dependencies = (
				589105C12356496C00F13419 /* PBXTargetDependency */,
			);
			name = PagMoviesTests;
			productName = PagMoviesTests;
			productReference = 589105BF2356496C00F13419 /* PagMoviesTests.xctest */;
			productType = "com.apple.product-type.bundle.unit-test";
		};
/* End PBXNativeTarget section */

/* Begin PBXProject section */
		589105A12356496900F13419 /* Project object */ = {
			isa = PBXProject;
			attributes = {
				LastSwiftUpdateCheck = 1110;
				LastUpgradeCheck = 1110;
				ORGANIZATIONNAME = israel3D;
				TargetAttributes = {
					589105A82356496900F13419 = {
						CreatedOnToolsVersion = 11.1;
					};
					589105BE2356496C00F13419 = {
						CreatedOnToolsVersion = 11.1;
						TestTargetID = 589105A82356496900F13419;
					};
				};
			};
			buildConfigurationList = 589105A42356496900F13419 /* Build configuration list for PBXProject "PagMovies" */;
			compatibilityVersion = "Xcode 9.3";
			developmentRegion = en;
			hasScannedForEncodings = 0;
			knownRegions = (
				en,
				Base,
			);
			mainGroup = 589105A02356496900F13419;
			productRefGroup = 589105AA2356496900F13419 /* Products */;
			projectDirPath = "";
			projectRoot = "";
			targets = (
				589105A82356496900F13419 /* PagMovies */,
				589105BE2356496C00F13419 /* PagMoviesTests */,
			);
		};
/* End PBXProject section */

/* Begin PBXResourcesBuildPhase section */
		589105A72356496900F13419 /* Resources */ = {
			isa = PBXResourcesBuildPhase;
			buildActionMask = 2147483647;
			files = (
				589105B92356496C00F13419 /* LaunchScreen.storyboard in Resources */,
				589105B62356496C00F13419 /* Assets.xcassets in Resources */,
				589105D72356D97300F13419 /* MovieTableViewCell.xib in Resources */,
				589105B42356496900F13419 /* Main.storyboard in Resources */,
			);
			runOnlyForDeploymentPostprocessing = 0;
		};
		589105BD2356496C00F13419 /* Resources */ = {
			isa = PBXResourcesBuildPhase;
			buildActionMask = 2147483647;
			files = (
			);
			runOnlyForDeploymentPostprocessing = 0;
		};
/* End PBXResourcesBuildPhase section */

/* Begin PBXShellScriptBuildPhase section */
		3EC0B83BC63C43B8687E6D77 /* [CP] Check Pods Manifest.lock */ = {
			isa = PBXShellScriptBuildPhase;
			buildActionMask = 2147483647;
			files = (
			);
			inputFileListPaths = (
			);
			inputPaths = (
				"${PODS_PODFILE_DIR_PATH}/Podfile.lock",
				"${PODS_ROOT}/Manifest.lock",
			);
			name = "[CP] Check Pods Manifest.lock";
			outputFileListPaths = (
			);
			outputPaths = (
				"$(DERIVED_FILE_DIR)/Pods-PagMoviesTests-checkManifestLockResult.txt",
			);
			runOnlyForDeploymentPostprocessing = 0;
			shellPath = /bin/sh;
			shellScript = "diff \"${PODS_PODFILE_DIR_PATH}/Podfile.lock\" \"${PODS_ROOT}/Manifest.lock\" > /dev/null\nif [ $? != 0 ] ; then\n    # print error to STDERR\n    echo \"error: The sandbox is not in sync with the Podfile.lock. Run 'pod install' or update your CocoaPods installation.\" >&2\n    exit 1\nfi\n# This output is used by Xcode 'outputs' to avoid re-running this script phase.\necho \"SUCCESS\" > \"${SCRIPT_OUTPUT_FILE_0}\"\n";
			showEnvVarsInLog = 0;
		};
		661A661DB0311ABA847D1E77 /* [CP] Embed Pods Frameworks */ = {
			isa = PBXShellScriptBuildPhase;
			buildActionMask = 2147483647;
			files = (
			);
			inputFileListPaths = (
			);
			inputPaths = (
				"${SRCROOT}/Pods/Target Support Files/Pods-PagMovies/Pods-PagMovies-frameworks.sh",
				"${BUILT_PRODUCTS_DIR}/Kingfisher/Kingfisher.framework",
			);
			name = "[CP] Embed Pods Frameworks";
			outputFileListPaths = (
			);
			outputPaths = (
				"${TARGET_BUILD_DIR}/${FRAMEWORKS_FOLDER_PATH}/Kingfisher.framework",
			);
			runOnlyForDeploymentPostprocessing = 0;
			shellPath = /bin/sh;
			shellScript = "\"${SRCROOT}/Pods/Target Support Files/Pods-PagMovies/Pods-PagMovies-frameworks.sh\"\n";
			showEnvVarsInLog = 0;
		};
		A9D8F3AAD2BA1AC25BAA78CC /* [CP] Check Pods Manifest.lock */ = {
			isa = PBXShellScriptBuildPhase;
			buildActionMask = 2147483647;
			files = (
			);
			inputFileListPaths = (
			);
			inputPaths = (
				"${PODS_PODFILE_DIR_PATH}/Podfile.lock",
				"${PODS_ROOT}/Manifest.lock",
			);
			name = "[CP] Check Pods Manifest.lock";
			outputFileListPaths = (
			);
			outputPaths = (
				"$(DERIVED_FILE_DIR)/Pods-PagMovies-checkManifestLockResult.txt",
			);
			runOnlyForDeploymentPostprocessing = 0;
			shellPath = /bin/sh;
			shellScript = "diff \"${PODS_PODFILE_DIR_PATH}/Podfile.lock\" \"${PODS_ROOT}/Manifest.lock\" > /dev/null\nif [ $? != 0 ] ; then\n    # print error to STDERR\n    echo \"error: The sandbox is not in sync with the Podfile.lock. Run 'pod install' or update your CocoaPods installation.\" >&2\n    exit 1\nfi\n# This output is used by Xcode 'outputs' to avoid re-running this script phase.\necho \"SUCCESS\" > \"${SCRIPT_OUTPUT_FILE_0}\"\n";
			showEnvVarsInLog = 0;
		};
/* End PBXShellScriptBuildPhase section */

/* Begin PBXSourcesBuildPhase section */
		589105A52356496900F13419 /* Sources */ = {
			isa = PBXSourcesBuildPhase;
			buildActionMask = 2147483647;
			files = (
				586E14B1235800CA0056C771 /* Genres.swift in Sources */,
				589105AD2356496900F13419 /* AppDelegate.swift in Sources */,
				589105D62356D97300F13419 /* MovieTableViewCell.swift in Sources */,
				589105E12356DF2500F13419 /* Result.swift in Sources */,
				589105AF2356496900F13419 /* SceneDelegate.swift in Sources */,
				589105DC2356DDC800F13419 /* DetailsMovieViewController.swift in Sources */,
				589105D92356DD9800F13419 /* MoviesViewController.swift in Sources */,
				589105EC2356E30F00F13419 /* Endpoints.swift in Sources */,
				586E14B423589D4A0056C771 /* FavoritesViewController.swift in Sources */,
				589105E92356DFC700F13419 /* API.swift in Sources */,
			);
			runOnlyForDeploymentPostprocessing = 0;
		};
		589105BB2356496C00F13419 /* Sources */ = {
			isa = PBXSourcesBuildPhase;
			buildActionMask = 2147483647;
			files = (
				589105C42356496C00F13419 /* PagMoviesTests.swift in Sources */,
				589105DD2356DDC800F13419 /* DetailsMovieViewController.swift in Sources */,
				586E14B523589D4A0056C771 /* FavoritesViewController.swift in Sources */,
				589105E22356DF2500F13419 /* Result.swift in Sources */,
				589105DA2356DD9D00F13419 /* MoviesViewController.swift in Sources */,
				589105ED2356E30F00F13419 /* Endpoints.swift in Sources */,
				589105EA2356DFC700F13419 /* API.swift in Sources */,
				586E14B2235800CA0056C771 /* Genres.swift in Sources */,
			);
			runOnlyForDeploymentPostprocessing = 0;
		};
/* End PBXSourcesBuildPhase section */

/* Begin PBXTargetDependency section */
		589105C12356496C00F13419 /* PBXTargetDependency */ = {
			isa = PBXTargetDependency;
			target = 589105A82356496900F13419 /* PagMovies */;
			targetProxy = 589105C02356496C00F13419 /* PBXContainerItemProxy */;
		};
/* End PBXTargetDependency section */

/* Begin PBXVariantGroup section */
		589105B22356496900F13419 /* Main.storyboard */ = {
			isa = PBXVariantGroup;
			children = (
				589105B32356496900F13419 /* Base */,
			);
			name = Main.storyboard;
			sourceTree = "<group>";
		};
		589105B72356496C00F13419 /* LaunchScreen.storyboard */ = {
			isa = PBXVariantGroup;
			children = (
				589105B82356496C00F13419 /* Base */,
			);
			name = LaunchScreen.storyboard;
			sourceTree = "<group>";
		};
/* End PBXVariantGroup section */

/* Begin XCBuildConfiguration section */
		589105C62356496C00F13419 /* Debug */ = {
			isa = XCBuildConfiguration;
			buildSettings = {
				ALWAYS_SEARCH_USER_PATHS = NO;
				CLANG_ANALYZER_NONNULL = YES;
				CLANG_ANALYZER_NUMBER_OBJECT_CONVERSION = YES_AGGRESSIVE;
				CLANG_CXX_LANGUAGE_STANDARD = "gnu++14";
				CLANG_CXX_LIBRARY = "libc++";
				CLANG_ENABLE_MODULES = YES;
				CLANG_ENABLE_OBJC_ARC = YES;
				CLANG_ENABLE_OBJC_WEAK = YES;
				CLANG_WARN_BLOCK_CAPTURE_AUTORELEASING = YES;
				CLANG_WARN_BOOL_CONVERSION = YES;
				CLANG_WARN_COMMA = YES;
				CLANG_WARN_CONSTANT_CONVERSION = YES;
				CLANG_WARN_DEPRECATED_OBJC_IMPLEMENTATIONS = YES;
				CLANG_WARN_DIRECT_OBJC_ISA_USAGE = YES_ERROR;
				CLANG_WARN_DOCUMENTATION_COMMENTS = YES;
				CLANG_WARN_EMPTY_BODY = YES;
				CLANG_WARN_ENUM_CONVERSION = YES;
				CLANG_WARN_INFINITE_RECURSION = YES;
				CLANG_WARN_INT_CONVERSION = YES;
				CLANG_WARN_NON_LITERAL_NULL_CONVERSION = YES;
				CLANG_WARN_OBJC_IMPLICIT_RETAIN_SELF = YES;
				CLANG_WARN_OBJC_LITERAL_CONVERSION = YES;
				CLANG_WARN_OBJC_ROOT_CLASS = YES_ERROR;
				CLANG_WARN_RANGE_LOOP_ANALYSIS = YES;
				CLANG_WARN_STRICT_PROTOTYPES = YES;
				CLANG_WARN_SUSPICIOUS_MOVE = YES;
				CLANG_WARN_UNGUARDED_AVAILABILITY = YES_AGGRESSIVE;
				CLANG_WARN_UNREACHABLE_CODE = YES;
				CLANG_WARN__DUPLICATE_METHOD_MATCH = YES;
				COPY_PHASE_STRIP = NO;
				DEBUG_INFORMATION_FORMAT = dwarf;
				ENABLE_STRICT_OBJC_MSGSEND = YES;
				ENABLE_TESTABILITY = YES;
				GCC_C_LANGUAGE_STANDARD = gnu11;
				GCC_DYNAMIC_NO_PIC = NO;
				GCC_NO_COMMON_BLOCKS = YES;
				GCC_OPTIMIZATION_LEVEL = 0;
				GCC_PREPROCESSOR_DEFINITIONS = (
					"DEBUG=1",
					"$(inherited)",
				);
				GCC_WARN_64_TO_32_BIT_CONVERSION = YES;
				GCC_WARN_ABOUT_RETURN_TYPE = YES_ERROR;
				GCC_WARN_UNDECLARED_SELECTOR = YES;
				GCC_WARN_UNINITIALIZED_AUTOS = YES_AGGRESSIVE;
				GCC_WARN_UNUSED_FUNCTION = YES;
				GCC_WARN_UNUSED_VARIABLE = YES;
				IPHONEOS_DEPLOYMENT_TARGET = 13.1;
				MTL_ENABLE_DEBUG_INFO = INCLUDE_SOURCE;
				MTL_FAST_MATH = YES;
				ONLY_ACTIVE_ARCH = YES;
				SDKROOT = iphoneos;
				SWIFT_ACTIVE_COMPILATION_CONDITIONS = DEBUG;
				SWIFT_OPTIMIZATION_LEVEL = "-Onone";
			};
			name = Debug;
		};
		589105C72356496C00F13419 /* Release */ = {
			isa = XCBuildConfiguration;
			buildSettings = {
				ALWAYS_SEARCH_USER_PATHS = NO;
				CLANG_ANALYZER_NONNULL = YES;
				CLANG_ANALYZER_NUMBER_OBJECT_CONVERSION = YES_AGGRESSIVE;
				CLANG_CXX_LANGUAGE_STANDARD = "gnu++14";
				CLANG_CXX_LIBRARY = "libc++";
				CLANG_ENABLE_MODULES = YES;
				CLANG_ENABLE_OBJC_ARC = YES;
				CLANG_ENABLE_OBJC_WEAK = YES;
				CLANG_WARN_BLOCK_CAPTURE_AUTORELEASING = YES;
				CLANG_WARN_BOOL_CONVERSION = YES;
				CLANG_WARN_COMMA = YES;
				CLANG_WARN_CONSTANT_CONVERSION = YES;
				CLANG_WARN_DEPRECATED_OBJC_IMPLEMENTATIONS = YES;
				CLANG_WARN_DIRECT_OBJC_ISA_USAGE = YES_ERROR;
				CLANG_WARN_DOCUMENTATION_COMMENTS = YES;
				CLANG_WARN_EMPTY_BODY = YES;
				CLANG_WARN_ENUM_CONVERSION = YES;
				CLANG_WARN_INFINITE_RECURSION = YES;
				CLANG_WARN_INT_CONVERSION = YES;
				CLANG_WARN_NON_LITERAL_NULL_CONVERSION = YES;
				CLANG_WARN_OBJC_IMPLICIT_RETAIN_SELF = YES;
				CLANG_WARN_OBJC_LITERAL_CONVERSION = YES;
				CLANG_WARN_OBJC_ROOT_CLASS = YES_ERROR;
				CLANG_WARN_RANGE_LOOP_ANALYSIS = YES;
				CLANG_WARN_STRICT_PROTOTYPES = YES;
				CLANG_WARN_SUSPICIOUS_MOVE = YES;
				CLANG_WARN_UNGUARDED_AVAILABILITY = YES_AGGRESSIVE;
				CLANG_WARN_UNREACHABLE_CODE = YES;
				CLANG_WARN__DUPLICATE_METHOD_MATCH = YES;
				COPY_PHASE_STRIP = NO;
				DEBUG_INFORMATION_FORMAT = "dwarf-with-dsym";
				ENABLE_NS_ASSERTIONS = NO;
				ENABLE_STRICT_OBJC_MSGSEND = YES;
				GCC_C_LANGUAGE_STANDARD = gnu11;
				GCC_NO_COMMON_BLOCKS = YES;
				GCC_WARN_64_TO_32_BIT_CONVERSION = YES;
				GCC_WARN_ABOUT_RETURN_TYPE = YES_ERROR;
				GCC_WARN_UNDECLARED_SELECTOR = YES;
				GCC_WARN_UNINITIALIZED_AUTOS = YES_AGGRESSIVE;
				GCC_WARN_UNUSED_FUNCTION = YES;
				GCC_WARN_UNUSED_VARIABLE = YES;
				IPHONEOS_DEPLOYMENT_TARGET = 13.1;
				MTL_ENABLE_DEBUG_INFO = NO;
				MTL_FAST_MATH = YES;
				SDKROOT = iphoneos;
				SWIFT_COMPILATION_MODE = wholemodule;
				SWIFT_OPTIMIZATION_LEVEL = "-O";
				VALIDATE_PRODUCT = YES;
			};
			name = Release;
		};
		589105C92356496C00F13419 /* Debug */ = {
			isa = XCBuildConfiguration;
			baseConfigurationReference = A1ABA44C2E77ECCF7231BCAC /* Pods-PagMovies.debug.xcconfig */;
			buildSettings = {
				ASSETCATALOG_COMPILER_APPICON_NAME = AppIcon;
				CODE_SIGN_STYLE = Automatic;
				DEVELOPMENT_TEAM = FPH78JW9WA;
				INFOPLIST_FILE = PagMovies/Info.plist;
				LD_RUNPATH_SEARCH_PATHS = (
					"$(inherited)",
					"@executable_path/Frameworks",
				);
				PRODUCT_BUNDLE_IDENTIFIER = com.israel3D.PagMovies;
				PRODUCT_NAME = "$(TARGET_NAME)";
				SWIFT_VERSION = 5.0;
				TARGETED_DEVICE_FAMILY = 1;
			};
			name = Debug;
		};
		589105CA2356496C00F13419 /* Release */ = {
			isa = XCBuildConfiguration;
			baseConfigurationReference = 9393A38B534D24B422862D60 /* Pods-PagMovies.release.xcconfig */;
			buildSettings = {
				ASSETCATALOG_COMPILER_APPICON_NAME = AppIcon;
				CODE_SIGN_STYLE = Automatic;
				DEVELOPMENT_TEAM = FPH78JW9WA;
				INFOPLIST_FILE = PagMovies/Info.plist;
				LD_RUNPATH_SEARCH_PATHS = (
					"$(inherited)",
					"@executable_path/Frameworks",
				);
				PRODUCT_BUNDLE_IDENTIFIER = com.israel3D.PagMovies;
				PRODUCT_NAME = "$(TARGET_NAME)";
				SWIFT_VERSION = 5.0;
				TARGETED_DEVICE_FAMILY = 1;
			};
			name = Release;
		};
		589105CC2356496C00F13419 /* Debug */ = {
			isa = XCBuildConfiguration;
			baseConfigurationReference = 8115D8EDBD77BCDCB2B0B6CD /* Pods-PagMoviesTests.debug.xcconfig */;
			buildSettings = {
				ALWAYS_EMBED_SWIFT_STANDARD_LIBRARIES = YES;
				BUNDLE_LOADER = "$(TEST_HOST)";
				CODE_SIGN_STYLE = Automatic;
				DEVELOPMENT_TEAM = FPH78JW9WA;
				INFOPLIST_FILE = PagMoviesTests/Info.plist;
				IPHONEOS_DEPLOYMENT_TARGET = 13.1;
				LD_RUNPATH_SEARCH_PATHS = (
					"$(inherited)",
					"@executable_path/Frameworks",
					"@loader_path/Frameworks",
				);
				PRODUCT_BUNDLE_IDENTIFIER = com.israel3D.PagMoviesTests;
				PRODUCT_NAME = "$(TARGET_NAME)";
				SWIFT_VERSION = 5.0;
				TARGETED_DEVICE_FAMILY = "1,2";
				TEST_HOST = "$(BUILT_PRODUCTS_DIR)/PagMovies.app/PagMovies";
			};
			name = Debug;
		};
		589105CD2356496C00F13419 /* Release */ = {
			isa = XCBuildConfiguration;
			baseConfigurationReference = 28F2E004764A72742CD9E6AC /* Pods-PagMoviesTests.release.xcconfig */;
			buildSettings = {
				ALWAYS_EMBED_SWIFT_STANDARD_LIBRARIES = YES;
				BUNDLE_LOADER = "$(TEST_HOST)";
				CODE_SIGN_STYLE = Automatic;
				DEVELOPMENT_TEAM = FPH78JW9WA;
				INFOPLIST_FILE = PagMoviesTests/Info.plist;
				IPHONEOS_DEPLOYMENT_TARGET = 13.1;
				LD_RUNPATH_SEARCH_PATHS = (
					"$(inherited)",
					"@executable_path/Frameworks",
					"@loader_path/Frameworks",
				);
				PRODUCT_BUNDLE_IDENTIFIER = com.israel3D.PagMoviesTests;
				PRODUCT_NAME = "$(TARGET_NAME)";
				SWIFT_VERSION = 5.0;
				TARGETED_DEVICE_FAMILY = "1,2";
				TEST_HOST = "$(BUILT_PRODUCTS_DIR)/PagMovies.app/PagMovies";
			};
			name = Release;
		};
/* End XCBuildConfiguration section */

/* Begin XCConfigurationList section */
		589105A42356496900F13419 /* Build configuration list for PBXProject "PagMovies" */ = {
			isa = XCConfigurationList;
			buildConfigurations = (
				589105C62356496C00F13419 /* Debug */,
				589105C72356496C00F13419 /* Release */,
			);
			defaultConfigurationIsVisible = 0;
			defaultConfigurationName = Release;
		};
		589105C82356496C00F13419 /* Build configuration list for PBXNativeTarget "PagMovies" */ = {
			isa = XCConfigurationList;
			buildConfigurations = (
				589105C92356496C00F13419 /* Debug */,
				589105CA2356496C00F13419 /* Release */,
			);
			defaultConfigurationIsVisible = 0;
			defaultConfigurationName = Release;
		};
		589105CB2356496C00F13419 /* Build configuration list for PBXNativeTarget "PagMoviesTests" */ = {
			isa = XCConfigurationList;
			buildConfigurations = (
				589105CC2356496C00F13419 /* Debug */,
				589105CD2356496C00F13419 /* Release */,
			);
			defaultConfigurationIsVisible = 0;
			defaultConfigurationName = Release;
		};
/* End XCConfigurationList section */
	};
	rootObject = 589105A12356496900F13419 /* Project object */;
}
